
Microsoft Visual Studio Solution File, Format Version 12.00
# Visual Studio Version 17
VisualStudioVersion = 17.7.34031.279
MinimumVisualStudioVersion = 10.0.40219.1
Project("{FAE04EC0-301F-11D3-BF4B-00C04F79EFBC}") = "MobileApp7.Android", "MobileApp7.Android\MobileApp7.Android.csproj", "{9FF74BCF-B8E0-44E3-B14E-3590C17036A2}"
EndProject
Project("{FAE04EC0-301F-11D3-BF4B-00C04F79EFBC}") = "MobileApp7", "MobileApp7\MobileApp7.csproj", "{D5083494-BA71-4441-9696-727648533873}"
EndProject
Global
	GlobalSection(SolutionConfigurationPlatforms) = preSolution
		Debug|Any CPU = Debug|Any CPU
		Release|Any CPU = Release|Any CPU
	EndGlobalSection
	GlobalSection(ProjectConfigurationPlatforms) = postSolution
		{9FF74BCF-B8E0-44E3-B14E-3590C17036A2}.Debug|Any CPU.ActiveCfg = Debug|Any CPU
		{9FF74BCF-B8E0-44E3-B14E-3590C17036A2}.Debug|Any CPU.Build.0 = Debug|Any CPU
		{9FF74BCF-B8E0-44E3-B14E-3590C17036A2}.Debug|Any CPU.Deploy.0 = Debug|Any CPU
		{9FF74BCF-B8E0-44E3-B14E-3590C17036A2}.Release|Any CPU.ActiveCfg = Release|Any CPU
		{9FF74BCF-B8E0-44E3-B14E-3590C17036A2}.Release|Any CPU.Build.0 = Release|Any CPU
		{9FF74BCF-B8E0-44E3-B14E-3590C17036A2}.Release|Any CPU.Deploy.0 = Release|Any CPU
		{D5083494-BA71-4441-9696-727648533873}.Debug|Any CPU.ActiveCfg = Debug|Any CPU
		{D5083494-BA71-4441-9696-727648533873}.Debug|Any CPU.Build.0 = Debug|Any CPU
		{D5083494-BA71-4441-9696-727648533873}.Debug|Any CPU.Deploy.0 = Debug|Any CPU
		{D5083494-BA71-4441-9696-727648533873}.Release|Any CPU.ActiveCfg = Release|Any CPU
		{D5083494-BA71-4441-9696-727648533873}.Release|Any CPU.Build.0 = Release|Any CPU
		{D5083494-BA71-4441-9696-727648533873}.Release|Any CPU.Deploy.0 = Release|Any CPU
	EndGlobalSection
	GlobalSection(SolutionProperties) = preSolution
		HideSolutionNode = FALSE
	EndGlobalSection
	GlobalSection(ExtensibilityGlobals) = postSolution
		SolutionGuid = {7CECED51-7382-48E7-8A06-B1D20A77298E}
	EndGlobalSection
EndGlobal
